
Microsoft Visual Studio Solution File, Format Version 12.00
# Visual Studio Version 16
VisualStudioVersion = 16.0.31105.61
MinimumVisualStudioVersion = 10.0.40219.1
Project("{8BC9CEB8-8B4A-11D0-8D11-00A0C91BC942}") = "ECA_ZMI4104C_main", "ECA_ZMI4104C_main\ECA_ZMI4104C_main.vcxproj", "{CF54ED34-F76C-4D8C-85C6-A36A569536E1}"
EndProject
Global
	GlobalSection(SolutionConfigurationPlatforms) = preSolution
		Debug|x64 = Debug|x64
		Debug|x86 = Debug|x86
		Release|x64 = Release|x64
		Release|x86 = Release|x86
	EndGlobalSection
	GlobalSection(ProjectConfigurationPlatforms) = postSolution
		{CF54ED34-F76C-4D8C-85C6-A36A569536E1}.Debug|x64.ActiveCfg = Debug|x64
		{CF54ED34-F76C-4D8C-85C6-A36A569536E1}.Debug|x64.Build.0 = Debug|x64
		{CF54ED34-F76C-4D8C-85C6-A36A569536E1}.Debug|x86.ActiveCfg = Debug|x64
		{CF54ED34-F76C-4D8C-85C6-A36A569536E1}.Debug|x86.Build.0 = Debug|x64
		{CF54ED34-F76C-4D8C-85C6-A36A569536E1}.Release|x64.ActiveCfg = Release|x64
		{CF54ED34-F76C-4D8C-85C6-A36A569536E1}.Release|x64.Build.0 = Release|x64
		{CF54ED34-F76C-4D8C-85C6-A36A569536E1}.Release|x86.ActiveCfg = Release|Win32
		{CF54ED34-F76C-4D8C-85C6-A36A569536E1}.Release|x86.Build.0 = Release|Win32
	EndGlobalSection
	GlobalSection(SolutionProperties) = preSolution
		HideSolutionNode = FALSE
	EndGlobalSection
	GlobalSection(ExtensibilityGlobals) = postSolution
		SolutionGuid = {56C2DFCF-F9D8-4B8E-8ED8-D64C112B3A2F}
	EndGlobalSection
EndGlobal
